
Microsoft Visual Studio Solution File, Format Version 12.00
# Visual Studio Version 17
VisualStudioVersion = 17.1.32328.378
MinimumVisualStudioVersion = 10.0.40219.1
Project("{888888A0-9F3D-457C-B088-3A5042F75D52}") = "Calculadora_Exercicio_High_Tech", "Calculadora_Exercicio_High_Tech\Calculadora_Exercicio_High_Tech.pyproj", "{9006B9EB-ADB9-4E30-9CFA-0EA63BC1963D}"
EndProject
Global
	GlobalSection(SolutionConfigurationPlatforms) = preSolution
		Debug|Any CPU = Debug|Any CPU
		Release|Any CPU = Release|Any CPU
	EndGlobalSection
	GlobalSection(ProjectConfigurationPlatforms) = postSolution
		{9006B9EB-ADB9-4E30-9CFA-0EA63BC1963D}.Debug|Any CPU.ActiveCfg = Debug|Any CPU
		{9006B9EB-ADB9-4E30-9CFA-0EA63BC1963D}.Release|Any CPU.ActiveCfg = Release|Any CPU
	EndGlobalSection
	GlobalSection(SolutionProperties) = preSolution
		HideSolutionNode = FALSE
	EndGlobalSection
	GlobalSection(ExtensibilityGlobals) = postSolution
		SolutionGuid = {EB348AAC-7399-4D53-B228-65D6153D40C8}
	EndGlobalSection
EndGlobal
