
Microsoft Visual Studio Solution File, Format Version 12.00
# Visual Studio Version 17
VisualStudioVersion = 17.1.32228.430
MinimumVisualStudioVersion = 10.0.40219.1
Project("{888888A0-9F3D-457C-B088-3A5042F75D52}") = "High_Tech_Exerc1", "High_Tech_Exerc1\High_Tech_Exerc1.pyproj", "{F2B58B5C-737A-4959-B905-B3E4097777DB}"
EndProject
Global
	GlobalSection(SolutionConfigurationPlatforms) = preSolution
		Debug|Any CPU = Debug|Any CPU
		Release|Any CPU = Release|Any CPU
	EndGlobalSection
	GlobalSection(ProjectConfigurationPlatforms) = postSolution
		{F2B58B5C-737A-4959-B905-B3E4097777DB}.Debug|Any CPU.ActiveCfg = Debug|Any CPU
		{F2B58B5C-737A-4959-B905-B3E4097777DB}.Release|Any CPU.ActiveCfg = Release|Any CPU
	EndGlobalSection
	GlobalSection(SolutionProperties) = preSolution
		HideSolutionNode = FALSE
	EndGlobalSection
	GlobalSection(ExtensibilityGlobals) = postSolution
		SolutionGuid = {33D0D630-4ED4-4D5B-9CA6-0D47A19FC446}
	EndGlobalSection
EndGlobal
